
Microsoft Visual Studio Solution File, Format Version 12.00
# Visual Studio Version 16
VisualStudioVersion = 16.0.29409.12
MinimumVisualStudioVersion = 10.0.40219.1
Project("{9A19103F-16F7-4668-BE54-9A1E7A4F7556}") = "DocumentTracking.Api", "src\DocumentTracking\DocumentTracking.Api.csproj", "{8429A504-9AF0-44CB-B34F-634B8AF9AB0E}"
EndProject
Project("{9A19103F-16F7-4668-BE54-9A1E7A4F7556}") = "DocumentTracking.ApplicationCore", "src\DocumentTracking.ApplicationCore\DocumentTracking.ApplicationCore.csproj", "{1CAB8AA8-39D3-4296-A30D-9374A9DDCB11}"
EndProject
Project("{2150E333-8FDC-42A3-9474-1A3956D46DE8}") = "src", "src", "{B9239B6F-2E61-4315-89B3-46B5624B5356}"
EndProject
Project("{9A19103F-16F7-4668-BE54-9A1E7A4F7556}") = "DocumentTracking.Infrastructure", "src\DocumentTracking.Infrastructure\DocumentTracking.Infrastructure.csproj", "{4DE8DA69-0B61-4043-8902-B0AB966D9DD9}"
EndProject
Global
	GlobalSection(SolutionConfigurationPlatforms) = preSolution
		Debug|Any CPU = Debug|Any CPU
		Release|Any CPU = Release|Any CPU
	EndGlobalSection
	GlobalSection(ProjectConfigurationPlatforms) = postSolution
		{8429A504-9AF0-44CB-B34F-634B8AF9AB0E}.Debug|Any CPU.ActiveCfg = Debug|Any CPU
		{8429A504-9AF0-44CB-B34F-634B8AF9AB0E}.Debug|Any CPU.Build.0 = Debug|Any CPU
		{8429A504-9AF0-44CB-B34F-634B8AF9AB0E}.Release|Any CPU.ActiveCfg = Release|Any CPU
		{8429A504-9AF0-44CB-B34F-634B8AF9AB0E}.Release|Any CPU.Build.0 = Release|Any CPU
		{1CAB8AA8-39D3-4296-A30D-9374A9DDCB11}.Debug|Any CPU.ActiveCfg = Debug|Any CPU
		{1CAB8AA8-39D3-4296-A30D-9374A9DDCB11}.Debug|Any CPU.Build.0 = Debug|Any CPU
		{1CAB8AA8-39D3-4296-A30D-9374A9DDCB11}.Release|Any CPU.ActiveCfg = Release|Any CPU
		{1CAB8AA8-39D3-4296-A30D-9374A9DDCB11}.Release|Any CPU.Build.0 = Release|Any CPU
		{4DE8DA69-0B61-4043-8902-B0AB966D9DD9}.Debug|Any CPU.ActiveCfg = Debug|Any CPU
		{4DE8DA69-0B61-4043-8902-B0AB966D9DD9}.Debug|Any CPU.Build.0 = Debug|Any CPU
		{4DE8DA69-0B61-4043-8902-B0AB966D9DD9}.Release|Any CPU.ActiveCfg = Release|Any CPU
		{4DE8DA69-0B61-4043-8902-B0AB966D9DD9}.Release|Any CPU.Build.0 = Release|Any CPU
	EndGlobalSection
	GlobalSection(SolutionProperties) = preSolution
		HideSolutionNode = FALSE
	EndGlobalSection
	GlobalSection(NestedProjects) = preSolution
		{8429A504-9AF0-44CB-B34F-634B8AF9AB0E} = {B9239B6F-2E61-4315-89B3-46B5624B5356}
		{1CAB8AA8-39D3-4296-A30D-9374A9DDCB11} = {B9239B6F-2E61-4315-89B3-46B5624B5356}
		{4DE8DA69-0B61-4043-8902-B0AB966D9DD9} = {B9239B6F-2E61-4315-89B3-46B5624B5356}
	EndGlobalSection
	GlobalSection(ExtensibilityGlobals) = postSolution
		SolutionGuid = {7D1573F8-8635-41E0-9805-21E1D0593EAA}
	EndGlobalSection
EndGlobal
